
Microsoft Visual Studio Solution File, Format Version 12.00
# Visual Studio Version 17
VisualStudioVersion = 17.12.35514.174
MinimumVisualStudioVersion = 10.0.40219.1
Project("{FAE04EC0-301F-11D3-BF4B-00C04F79EFBC}") = "AspireReact.AppHost", "src\AspireReact.AppHost\AspireReact.AppHost.csproj", "{8B2CBD1F-9129-46AC-A23C-12DB9B84B390}"
EndProject
Project("{FAE04EC0-301F-11D3-BF4B-00C04F79EFBC}") = "AspireReact.ServiceDefaults", "src\AspireReact.ServiceDefaults\AspireReact.ServiceDefaults.csproj", "{C8C7B430-9A33-44C2-8647-0224DC92969A}"
EndProject
Project("{FAE04EC0-301F-11D3-BF4B-00C04F79EFBC}") = "Web", "src\Web\Web.csproj", "{65784DEF-5A9A-4D35-8A46-DB146B1DD491}"
EndProject
Global
	GlobalSection(SolutionConfigurationPlatforms) = preSolution
		Debug|Any CPU = Debug|Any CPU
		Release|Any CPU = Release|Any CPU
	EndGlobalSection
	GlobalSection(ProjectConfigurationPlatforms) = postSolution
		{8B2CBD1F-9129-46AC-A23C-12DB9B84B390}.Debug|Any CPU.ActiveCfg = Debug|Any CPU
		{8B2CBD1F-9129-46AC-A23C-12DB9B84B390}.Debug|Any CPU.Build.0 = Debug|Any CPU
		{8B2CBD1F-9129-46AC-A23C-12DB9B84B390}.Release|Any CPU.ActiveCfg = Release|Any CPU
		{8B2CBD1F-9129-46AC-A23C-12DB9B84B390}.Release|Any CPU.Build.0 = Release|Any CPU
		{C8C7B430-9A33-44C2-8647-0224DC92969A}.Debug|Any CPU.ActiveCfg = Debug|Any CPU
		{C8C7B430-9A33-44C2-8647-0224DC92969A}.Debug|Any CPU.Build.0 = Debug|Any CPU
		{C8C7B430-9A33-44C2-8647-0224DC92969A}.Release|Any CPU.ActiveCfg = Release|Any CPU
		{C8C7B430-9A33-44C2-8647-0224DC92969A}.Release|Any CPU.Build.0 = Release|Any CPU
		{65784DEF-5A9A-4D35-8A46-DB146B1DD491}.Debug|Any CPU.ActiveCfg = Debug|Any CPU
		{65784DEF-5A9A-4D35-8A46-DB146B1DD491}.Debug|Any CPU.Build.0 = Debug|Any CPU
		{65784DEF-5A9A-4D35-8A46-DB146B1DD491}.Release|Any CPU.ActiveCfg = Release|Any CPU
		{65784DEF-5A9A-4D35-8A46-DB146B1DD491}.Release|Any CPU.Build.0 = Release|Any CPU
	EndGlobalSection
	GlobalSection(SolutionProperties) = preSolution
		HideSolutionNode = FALSE
	EndGlobalSection
EndGlobal
